// !$*UTF8*$!
{
	archiveVersion = 1;
	classes = {
	};
	objectVersion = 50;
	objects = {

/* Begin PBXBuildFile section */
		1EA3E32C26930EDF00B56E2E /* AppDelegate.swift in Sources */ = {isa = PBXBuildFile; fileRef = 1EA3E32B26930EDF00B56E2E /* AppDelegate.swift */; };
		1EA3E32E26930EDF00B56E2E /* SceneDelegate.swift in Sources */ = {isa = PBXBuildFile; fileRef = 1EA3E32D26930EDF00B56E2E /* SceneDelegate.swift */; };
		1EA3E33326930EDF00B56E2E /* Main.storyboard in Resources */ = {isa = PBXBuildFile; fileRef = 1EA3E33126930EDF00B56E2E /* Main.storyboard */; };
		1EA3E33526930EE200B56E2E /* Assets.xcassets in Resources */ = {isa = PBXBuildFile; fileRef = 1EA3E33426930EE200B56E2E /* Assets.xcassets */; };
		1EA3E33826930EE200B56E2E /* LaunchScreen.storyboard in Resources */ = {isa = PBXBuildFile; fileRef = 1EA3E33626930EE200B56E2E /* LaunchScreen.storyboard */; };
		1EA3E34126930F2D00B56E2E /* Menu.storyboard in Resources */ = {isa = PBXBuildFile; fileRef = 1EA3E34026930F2D00B56E2E /* Menu.storyboard */; };
		1EA3E34426930F4100B56E2E /* Tips.storyboard in Resources */ = {isa = PBXBuildFile; fileRef = 1EA3E34326930F4100B56E2E /* Tips.storyboard */; };
		1EA3E34A26930F8E00B56E2E /* Search.storyboard in Resources */ = {isa = PBXBuildFile; fileRef = 1EA3E34926930F8E00B56E2E /* Search.storyboard */; };
		1EA3E34D26930FAF00B56E2E /* Notes.storyboard in Resources */ = {isa = PBXBuildFile; fileRef = 1EA3E34C26930FAF00B56E2E /* Notes.storyboard */; };
		1EA3E35026930FF500B56E2E /* Converter.storyboard in Resources */ = {isa = PBXBuildFile; fileRef = 1EA3E34F26930FF500B56E2E /* Converter.storyboard */; };
		39329FCC2699CEF600777F13 /* TipsAssets.xcassets in Resources */ = {isa = PBXBuildFile; fileRef = 39329FCB2699CEF600777F13 /* TipsAssets.xcassets */; };
		3940B3B226948AD200C93936 /* TipsViewController.swift in Sources */ = {isa = PBXBuildFile; fileRef = 3940B3B126948AD200C93936 /* TipsViewController.swift */; };
		3940B3BB2694982200C93936 /* TipTableViewCell.swift in Sources */ = {isa = PBXBuildFile; fileRef = 3940B3BA2694982200C93936 /* TipTableViewCell.swift */; };
		3940B3BD26949FED00C93936 /* DetailViewController.swift in Sources */ = {isa = PBXBuildFile; fileRef = 3940B3BC26949FED00C93936 /* DetailViewController.swift */; };
		395560722695C5EF00A0B83C /* BigTipTableViewCell.swift in Sources */ = {isa = PBXBuildFile; fileRef = 395560712695C5EF00A0B83C /* BigTipTableViewCell.swift */; };
		3955607A2695DC1600A0B83C /* GifHelper.swift in Sources */ = {isa = PBXBuildFile; fileRef = 395560792695DC1600A0B83C /* GifHelper.swift */; };
		395560802695ECA400A0B83C /* JourneyGif.gif in Resources */ = {isa = PBXBuildFile; fileRef = 3955607F2695ECA400A0B83C /* JourneyGif.gif */; };
		397D916626970F4500DA3D06 /* PageViewController.swift in Sources */ = {isa = PBXBuildFile; fileRef = 397D916526970F4500DA3D06 /* PageViewController.swift */; };
/* End PBXBuildFile section */

/* Begin PBXFileReference section */
		1EA3E32826930EDF00B56E2E /* TravelAssist.app */ = {isa = PBXFileReference; explicitFileType = wrapper.application; includeInIndex = 0; path = TravelAssist.app; sourceTree = BUILT_PRODUCTS_DIR; };
		1EA3E32B26930EDF00B56E2E /* AppDelegate.swift */ = {isa = PBXFileReference; lastKnownFileType = sourcecode.swift; path = AppDelegate.swift; sourceTree = "<group>"; };
		1EA3E32D26930EDF00B56E2E /* SceneDelegate.swift */ = {isa = PBXFileReference; lastKnownFileType = sourcecode.swift; path = SceneDelegate.swift; sourceTree = "<group>"; };
		1EA3E33226930EDF00B56E2E /* Base */ = {isa = PBXFileReference; lastKnownFileType = file.storyboard; name = Base; path = Base.lproj/Main.storyboard; sourceTree = "<group>"; };
		1EA3E33426930EE200B56E2E /* Assets.xcassets */ = {isa = PBXFileReference; lastKnownFileType = folder.assetcatalog; path = Assets.xcassets; sourceTree = "<group>"; };
		1EA3E33726930EE200B56E2E /* Base */ = {isa = PBXFileReference; lastKnownFileType = file.storyboard; name = Base; path = Base.lproj/LaunchScreen.storyboard; sourceTree = "<group>"; };
		1EA3E33926930EE200B56E2E /* Info.plist */ = {isa = PBXFileReference; lastKnownFileType = text.plist.xml; path = Info.plist; sourceTree = "<group>"; };
		1EA3E34026930F2D00B56E2E /* Menu.storyboard */ = {isa = PBXFileReference; lastKnownFileType = file.storyboard; path = Menu.storyboard; sourceTree = "<group>"; };
		1EA3E34326930F4100B56E2E /* Tips.storyboard */ = {isa = PBXFileReference; lastKnownFileType = file.storyboard; path = Tips.storyboard; sourceTree = "<group>"; };
		1EA3E34926930F8E00B56E2E /* Search.storyboard */ = {isa = PBXFileReference; lastKnownFileType = file.storyboard; path = Search.storyboard; sourceTree = "<group>"; };
		1EA3E34C26930FAF00B56E2E /* Notes.storyboard */ = {isa = PBXFileReference; lastKnownFileType = file.storyboard; path = Notes.storyboard; sourceTree = "<group>"; };
		1EA3E34F26930FF500B56E2E /* Converter.storyboard */ = {isa = PBXFileReference; lastKnownFileType = file.storyboard; path = Converter.storyboard; sourceTree = "<group>"; };
		39329FCB2699CEF600777F13 /* TipsAssets.xcassets */ = {isa = PBXFileReference; lastKnownFileType = folder.assetcatalog; path = TipsAssets.xcassets; sourceTree = "<group>"; };
		3940B3B126948AD200C93936 /* TipsViewController.swift */ = {isa = PBXFileReference; lastKnownFileType = sourcecode.swift; path = TipsViewController.swift; sourceTree = "<group>"; };
		3940B3BA2694982200C93936 /* TipTableViewCell.swift */ = {isa = PBXFileReference; lastKnownFileType = sourcecode.swift; path = TipTableViewCell.swift; sourceTree = "<group>"; };
		3940B3BC26949FED00C93936 /* DetailViewController.swift */ = {isa = PBXFileReference; lastKnownFileType = sourcecode.swift; path = DetailViewController.swift; sourceTree = "<group>"; };
		395560712695C5EF00A0B83C /* BigTipTableViewCell.swift */ = {isa = PBXFileReference; lastKnownFileType = sourcecode.swift; path = BigTipTableViewCell.swift; sourceTree = "<group>"; };
		395560792695DC1600A0B83C /* GifHelper.swift */ = {isa = PBXFileReference; lastKnownFileType = sourcecode.swift; path = GifHelper.swift; sourceTree = "<group>"; };
		3955607F2695ECA400A0B83C /* JourneyGif.gif */ = {isa = PBXFileReference; lastKnownFileType = image.gif; name = JourneyGif.gif; path = ../../../JourneyGif.gif; sourceTree = "<group>"; };
		397D916526970F4500DA3D06 /* PageViewController.swift */ = {isa = PBXFileReference; lastKnownFileType = sourcecode.swift; path = PageViewController.swift; sourceTree = "<group>"; };
/* End PBXFileReference section */

/* Begin PBXFrameworksBuildPhase section */
		1EA3E32526930EDF00B56E2E /* Frameworks */ = {
			isa = PBXFrameworksBuildPhase;
			buildActionMask = 2147483647;
			files = (
			);
			runOnlyForDeploymentPostprocessing = 0;
		};
/* End PBXFrameworksBuildPhase section */

/* Begin PBXGroup section */
		1EA3E31F26930EDF00B56E2E = {
			isa = PBXGroup;
			children = (
				1EA3E32A26930EDF00B56E2E /* TravelAssist */,
				1EA3E32926930EDF00B56E2E /* Products */,
			);
			sourceTree = "<group>";
		};
		1EA3E32926930EDF00B56E2E /* Products */ = {
			isa = PBXGroup;
			children = (
				1EA3E32826930EDF00B56E2E /* TravelAssist.app */,
			);
			name = Products;
			sourceTree = "<group>";
		};
		1EA3E32A26930EDF00B56E2E /* TravelAssist */ = {
			isa = PBXGroup;
			children = (
				1EA3E34E26930FC800B56E2E /* Converter */,
				1EA3E34B26930F9A00B56E2E /* Notes */,
				1EA3E34726930F6500B56E2E /* Search */,
				1EA3E34226930F3300B56E2E /* Tips */,
				1EA3E33F26930F1A00B56E2E /* Menu */,
				1EA3E32B26930EDF00B56E2E /* AppDelegate.swift */,
				1EA3E32D26930EDF00B56E2E /* SceneDelegate.swift */,
				1EA3E33426930EE200B56E2E /* Assets.xcassets */,
				1EA3E33126930EDF00B56E2E /* Main.storyboard */,
				1EA3E33626930EE200B56E2E /* LaunchScreen.storyboard */,
				1EA3E33926930EE200B56E2E /* Info.plist */,
			);
			path = TravelAssist;
			sourceTree = "<group>";
		};
		1EA3E33F26930F1A00B56E2E /* Menu */ = {
			isa = PBXGroup;
			children = (
				1EA3E34026930F2D00B56E2E /* Menu.storyboard */,
			);
			path = Menu;
			sourceTree = "<group>";
		};
		1EA3E34226930F3300B56E2E /* Tips */ = {
			isa = PBXGroup;
			children = (
				1EA3E34326930F4100B56E2E /* Tips.storyboard */,
				39329FCB2699CEF600777F13 /* TipsAssets.xcassets */,
				397D916526970F4500DA3D06 /* PageViewController.swift */,
				395560712695C5EF00A0B83C /* BigTipTableViewCell.swift */,
				3940B3BC26949FED00C93936 /* DetailViewController.swift */,
				3940B3B126948AD200C93936 /* TipsViewController.swift */,
				395560792695DC1600A0B83C /* GifHelper.swift */,
				3940B3BA2694982200C93936 /* TipTableViewCell.swift */,
				3955607F2695ECA400A0B83C /* JourneyGif.gif */,
			);
			path = Tips;
			sourceTree = "<group>";
		};
		1EA3E34726930F6500B56E2E /* Search */ = {
			isa = PBXGroup;
			children = (
				1EA3E34926930F8E00B56E2E /* Search.storyboard */,
			);
			path = Search;
			sourceTree = "<group>";
		};
		1EA3E34B26930F9A00B56E2E /* Notes */ = {
			isa = PBXGroup;
			children = (
				1EA3E34C26930FAF00B56E2E /* Notes.storyboard */,
			);
			path = Notes;
			sourceTree = "<group>";
		};
		1EA3E34E26930FC800B56E2E /* Converter */ = {
			isa = PBXGroup;
			children = (
				1EA3E34F26930FF500B56E2E /* Converter.storyboard */,
			);
			path = Converter;
			sourceTree = "<group>";
		};
/* End PBXGroup section */

/* Begin PBXNativeTarget section */
		1EA3E32726930EDF00B56E2E /* TravelAssist */ = {
			isa = PBXNativeTarget;
			buildConfigurationList = 1EA3E33C26930EE200B56E2E /* Build configuration list for PBXNativeTarget "TravelAssist" */;
			buildPhases = (
				1EA3E32426930EDF00B56E2E /* Sources */,
				1EA3E32526930EDF00B56E2E /* Frameworks */,
				1EA3E32626930EDF00B56E2E /* Resources */,
			);
			buildRules = (
			);
			dependencies = (
			);
			name = TravelAssist;
			productName = TravelAssist;
			productReference = 1EA3E32826930EDF00B56E2E /* TravelAssist.app */;
			productType = "com.apple.product-type.application";
		};
/* End PBXNativeTarget section */

/* Begin PBXProject section */
		1EA3E32026930EDF00B56E2E /* Project object */ = {
			isa = PBXProject;
			attributes = {
				LastSwiftUpdateCheck = 1250;
				LastUpgradeCheck = 1250;
				TargetAttributes = {
					1EA3E32726930EDF00B56E2E = {
						CreatedOnToolsVersion = 12.5.1;
					};
				};
			};
			buildConfigurationList = 1EA3E32326930EDF00B56E2E /* Build configuration list for PBXProject "TravelAssist" */;
			compatibilityVersion = "Xcode 9.3";
			developmentRegion = en;
			hasScannedForEncodings = 0;
			knownRegions = (
				en,
				Base,
			);
			mainGroup = 1EA3E31F26930EDF00B56E2E;
			productRefGroup = 1EA3E32926930EDF00B56E2E /* Products */;
			projectDirPath = "";
			projectRoot = "";
			targets = (
				1EA3E32726930EDF00B56E2E /* TravelAssist */,
			);
		};
/* End PBXProject section */

/* Begin PBXResourcesBuildPhase section */
		1EA3E32626930EDF00B56E2E /* Resources */ = {
			isa = PBXResourcesBuildPhase;
			buildActionMask = 2147483647;
			files = (
				395560802695ECA400A0B83C /* JourneyGif.gif in Resources */,
				1EA3E33826930EE200B56E2E /* LaunchScreen.storyboard in Resources */,
				1EA3E34D26930FAF00B56E2E /* Notes.storyboard in Resources */,
				1EA3E34426930F4100B56E2E /* Tips.storyboard in Resources */,
				1EA3E35026930FF500B56E2E /* Converter.storyboard in Resources */,
				1EA3E33526930EE200B56E2E /* Assets.xcassets in Resources */,
				39329FCC2699CEF600777F13 /* TipsAssets.xcassets in Resources */,
				1EA3E33326930EDF00B56E2E /* Main.storyboard in Resources */,
				1EA3E34A26930F8E00B56E2E /* Search.storyboard in Resources */,
				1EA3E34126930F2D00B56E2E /* Menu.storyboard in Resources */,
			);
			runOnlyForDeploymentPostprocessing = 0;
		};
/* End PBXResourcesBuildPhase section */

/* Begin PBXSourcesBuildPhase section */
		1EA3E32426930EDF00B56E2E /* Sources */ = {
			isa = PBXSourcesBuildPhase;
			buildActionMask = 2147483647;
			files = (
				3955607A2695DC1600A0B83C /* GifHelper.swift in Sources */,
				1EA3E32C26930EDF00B56E2E /* AppDelegate.swift in Sources */,
				3940B3BB2694982200C93936 /* TipTableViewCell.swift in Sources */,
				3940B3BD26949FED00C93936 /* DetailViewController.swift in Sources */,
				3940B3B226948AD200C93936 /* TipsViewController.swift in Sources */,
				395560722695C5EF00A0B83C /* BigTipTableViewCell.swift in Sources */,
				1EA3E32E26930EDF00B56E2E /* SceneDelegate.swift in Sources */,
				397D916626970F4500DA3D06 /* PageViewController.swift in Sources */,
			);
			runOnlyForDeploymentPostprocessing = 0;
		};
/* End PBXSourcesBuildPhase section */

/* Begin PBXVariantGroup section */
		1EA3E33126930EDF00B56E2E /* Main.storyboard */ = {
			isa = PBXVariantGroup;
			children = (
				1EA3E33226930EDF00B56E2E /* Base */,
			);
			name = Main.storyboard;
			sourceTree = "<group>";
		};
		1EA3E33626930EE200B56E2E /* LaunchScreen.storyboard */ = {
			isa = PBXVariantGroup;
			children = (
				1EA3E33726930EE200B56E2E /* Base */,
			);
			name = LaunchScreen.storyboard;
			sourceTree = "<group>";
		};
/* End PBXVariantGroup section */

/* Begin XCBuildConfiguration section */
		1EA3E33A26930EE200B56E2E /* Debug */ = {
			isa = XCBuildConfiguration;
			buildSettings = {
				ALWAYS_SEARCH_USER_PATHS = NO;
				CLANG_ANALYZER_NONNULL = YES;
				CLANG_ANALYZER_NUMBER_OBJECT_CONVERSION = YES_AGGRESSIVE;
				CLANG_CXX_LANGUAGE_STANDARD = "gnu++14";
				CLANG_CXX_LIBRARY = "libc++";
				CLANG_ENABLE_MODULES = YES;
				CLANG_ENABLE_OBJC_ARC = YES;
				CLANG_ENABLE_OBJC_WEAK = YES;
				CLANG_WARN_BLOCK_CAPTURE_AUTORELEASING = YES;
				CLANG_WARN_BOOL_CONVERSION = YES;
				CLANG_WARN_COMMA = YES;
				CLANG_WARN_CONSTANT_CONVERSION = YES;
				CLANG_WARN_DEPRECATED_OBJC_IMPLEMENTATIONS = YES;
				CLANG_WARN_DIRECT_OBJC_ISA_USAGE = YES_ERROR;
				CLANG_WARN_DOCUMENTATION_COMMENTS = YES;
				CLANG_WARN_EMPTY_BODY = YES;
				CLANG_WARN_ENUM_CONVERSION = YES;
				CLANG_WARN_INFINITE_RECURSION = YES;
				CLANG_WARN_INT_CONVERSION = YES;
				CLANG_WARN_NON_LITERAL_NULL_CONVERSION = YES;
				CLANG_WARN_OBJC_IMPLICIT_RETAIN_SELF = YES;
				CLANG_WARN_OBJC_LITERAL_CONVERSION = YES;
				CLANG_WARN_OBJC_ROOT_CLASS = YES_ERROR;
				CLANG_WARN_QUOTED_INCLUDE_IN_FRAMEWORK_HEADER = YES;
				CLANG_WARN_RANGE_LOOP_ANALYSIS = YES;
				CLANG_WARN_STRICT_PROTOTYPES = YES;
				CLANG_WARN_SUSPICIOUS_MOVE = YES;
				CLANG_WARN_UNGUARDED_AVAILABILITY = YES_AGGRESSIVE;
				CLANG_WARN_UNREACHABLE_CODE = YES;
				CLANG_WARN__DUPLICATE_METHOD_MATCH = YES;
				COPY_PHASE_STRIP = NO;
				DEBUG_INFORMATION_FORMAT = dwarf;
				ENABLE_STRICT_OBJC_MSGSEND = YES;
				ENABLE_TESTABILITY = YES;
				GCC_C_LANGUAGE_STANDARD = gnu11;
				GCC_DYNAMIC_NO_PIC = NO;
				GCC_NO_COMMON_BLOCKS = YES;
				GCC_OPTIMIZATION_LEVEL = 0;
				GCC_PREPROCESSOR_DEFINITIONS = (
					"DEBUG=1",
					"$(inherited)",
				);
				GCC_WARN_64_TO_32_BIT_CONVERSION = YES;
				GCC_WARN_ABOUT_RETURN_TYPE = YES_ERROR;
				GCC_WARN_UNDECLARED_SELECTOR = YES;
				GCC_WARN_UNINITIALIZED_AUTOS = YES_AGGRESSIVE;
				GCC_WARN_UNUSED_FUNCTION = YES;
				GCC_WARN_UNUSED_VARIABLE = YES;
				IPHONEOS_DEPLOYMENT_TARGET = 14.5;
				MTL_ENABLE_DEBUG_INFO = INCLUDE_SOURCE;
				MTL_FAST_MATH = YES;
				ONLY_ACTIVE_ARCH = YES;
				SDKROOT = iphoneos;
				SWIFT_ACTIVE_COMPILATION_CONDITIONS = DEBUG;
				SWIFT_OPTIMIZATION_LEVEL = "-Onone";
			};
			name = Debug;
		};
		1EA3E33B26930EE200B56E2E /* Release */ = {
			isa = XCBuildConfiguration;
			buildSettings = {
				ALWAYS_SEARCH_USER_PATHS = NO;
				CLANG_ANALYZER_NONNULL = YES;
				CLANG_ANALYZER_NUMBER_OBJECT_CONVERSION = YES_AGGRESSIVE;
				CLANG_CXX_LANGUAGE_STANDARD = "gnu++14";
				CLANG_CXX_LIBRARY = "libc++";
				CLANG_ENABLE_MODULES = YES;
				CLANG_ENABLE_OBJC_ARC = YES;
				CLANG_ENABLE_OBJC_WEAK = YES;
				CLANG_WARN_BLOCK_CAPTURE_AUTORELEASING = YES;
				CLANG_WARN_BOOL_CONVERSION = YES;
				CLANG_WARN_COMMA = YES;
				CLANG_WARN_CONSTANT_CONVERSION = YES;
				CLANG_WARN_DEPRECATED_OBJC_IMPLEMENTATIONS = YES;
				CLANG_WARN_DIRECT_OBJC_ISA_USAGE = YES_ERROR;
				CLANG_WARN_DOCUMENTATION_COMMENTS = YES;
				CLANG_WARN_EMPTY_BODY = YES;
				CLANG_WARN_ENUM_CONVERSION = YES;
				CLANG_WARN_INFINITE_RECURSION = YES;
				CLANG_WARN_INT_CONVERSION = YES;
				CLANG_WARN_NON_LITERAL_NULL_CONVERSION = YES;
				CLANG_WARN_OBJC_IMPLICIT_RETAIN_SELF = YES;
				CLANG_WARN_OBJC_LITERAL_CONVERSION = YES;
				CLANG_WARN_OBJC_ROOT_CLASS = YES_ERROR;
				CLANG_WARN_QUOTED_INCLUDE_IN_FRAMEWORK_HEADER = YES;
				CLANG_WARN_RANGE_LOOP_ANALYSIS = YES;
				CLANG_WARN_STRICT_PROTOTYPES = YES;
				CLANG_WARN_SUSPICIOUS_MOVE = YES;
				CLANG_WARN_UNGUARDED_AVAILABILITY = YES_AGGRESSIVE;
				CLANG_WARN_UNREACHABLE_CODE = YES;
				CLANG_WARN__DUPLICATE_METHOD_MATCH = YES;
				COPY_PHASE_STRIP = NO;
				DEBUG_INFORMATION_FORMAT = "dwarf-with-dsym";
				ENABLE_NS_ASSERTIONS = NO;
				ENABLE_STRICT_OBJC_MSGSEND = YES;
				GCC_C_LANGUAGE_STANDARD = gnu11;
				GCC_NO_COMMON_BLOCKS = YES;
				GCC_WARN_64_TO_32_BIT_CONVERSION = YES;
				GCC_WARN_ABOUT_RETURN_TYPE = YES_ERROR;
				GCC_WARN_UNDECLARED_SELECTOR = YES;
				GCC_WARN_UNINITIALIZED_AUTOS = YES_AGGRESSIVE;
				GCC_WARN_UNUSED_FUNCTION = YES;
				GCC_WARN_UNUSED_VARIABLE = YES;
				IPHONEOS_DEPLOYMENT_TARGET = 14.5;
				MTL_ENABLE_DEBUG_INFO = NO;
				MTL_FAST_MATH = YES;
				SDKROOT = iphoneos;
				SWIFT_COMPILATION_MODE = wholemodule;
				SWIFT_OPTIMIZATION_LEVEL = "-O";
				VALIDATE_PRODUCT = YES;
			};
			name = Release;
		};
		1EA3E33D26930EE200B56E2E /* Debug */ = {
			isa = XCBuildConfiguration;
			buildSettings = {
				ASSETCATALOG_COMPILER_APPICON_NAME = AppIcon;
				ASSETCATALOG_COMPILER_GLOBAL_ACCENT_COLOR_NAME = AccentColor;
				CODE_SIGN_IDENTITY = "Apple Development";
				CODE_SIGN_STYLE = Manual;
				DEVELOPMENT_TEAM = "";
				INFOPLIST_FILE = TravelAssist/Info.plist;
				LD_RUNPATH_SEARCH_PATHS = (
					"$(inherited)",
					"@executable_path/Frameworks",
				);
				PRODUCT_BUNDLE_IDENTIFIER = "-.TravelAssist";
				PRODUCT_NAME = "$(TARGET_NAME)";
				PROVISIONING_PROFILE_SPECIFIER = "";
				SWIFT_VERSION = 5.0;
				TARGETED_DEVICE_FAMILY = 1;
			};
			name = Debug;
		};
		1EA3E33E26930EE200B56E2E /* Release */ = {
			isa = XCBuildConfiguration;
			buildSettings = {
				ASSETCATALOG_COMPILER_APPICON_NAME = AppIcon;
				ASSETCATALOG_COMPILER_GLOBAL_ACCENT_COLOR_NAME = AccentColor;
				CODE_SIGN_IDENTITY = "Apple Development";
				CODE_SIGN_STYLE = Manual;
				DEVELOPMENT_TEAM = "";
				INFOPLIST_FILE = TravelAssist/Info.plist;
				LD_RUNPATH_SEARCH_PATHS = (
					"$(inherited)",
					"@executable_path/Frameworks",
				);
				PRODUCT_BUNDLE_IDENTIFIER = "-.TravelAssist";
				PRODUCT_NAME = "$(TARGET_NAME)";
				PROVISIONING_PROFILE_SPECIFIER = "";
				SWIFT_VERSION = 5.0;
				TARGETED_DEVICE_FAMILY = 1;
			};
			name = Release;
		};
/* End XCBuildConfiguration section */

/* Begin XCConfigurationList section */
		1EA3E32326930EDF00B56E2E /* Build configuration list for PBXProject "TravelAssist" */ = {
			isa = XCConfigurationList;
			buildConfigurations = (
				1EA3E33A26930EE200B56E2E /* Debug */,
				1EA3E33B26930EE200B56E2E /* Release */,
			);
			defaultConfigurationIsVisible = 0;
			defaultConfigurationName = Release;
		};
		1EA3E33C26930EE200B56E2E /* Build configuration list for PBXNativeTarget "TravelAssist" */ = {
			isa = XCConfigurationList;
			buildConfigurations = (
				1EA3E33D26930EE200B56E2E /* Debug */,
				1EA3E33E26930EE200B56E2E /* Release */,
			);
			defaultConfigurationIsVisible = 0;
			defaultConfigurationName = Release;
		};
/* End XCConfigurationList section */
	};
	rootObject = 1EA3E32026930EDF00B56E2E /* Project object */;
}
